
Microsoft Visual Studio Solution File, Format Version 12.00
# Visual Studio 15
VisualStudioVersion = 15.0.28010.2046
MinimumVisualStudioVersion = 10.0.40219.1
Project("{FAE04EC0-301F-11D3-BF4B-00C04F79EFBC}") = "Kolizje", "Kolizje\Kolizje.csproj", "{791F8917-2464-4FC8-AF90-7AB08033C896}"
EndProject
Project("{FAE04EC0-301F-11D3-BF4B-00C04F79EFBC}") = "KolizjeTest", "KolizjeTest\KolizjeTest.csproj", "{A3C04399-DB97-4C7B-AD9C-303A545FC722}"
EndProject
Project("{FAE04EC0-301F-11D3-BF4B-00C04F79EFBC}") = "PracaDomowa1", "PracaDomowa1\PracaDomowa1.csproj", "{DBE2160F-2A81-49CB-A2AE-869B4BD9C104}"
EndProject
Global
	GlobalSection(SolutionConfigurationPlatforms) = preSolution
		Debug|Any CPU = Debug|Any CPU
		Release|Any CPU = Release|Any CPU
	EndGlobalSection
	GlobalSection(ProjectConfigurationPlatforms) = postSolution
		{791F8917-2464-4FC8-AF90-7AB08033C896}.Debug|Any CPU.ActiveCfg = Debug|Any CPU
		{791F8917-2464-4FC8-AF90-7AB08033C896}.Debug|Any CPU.Build.0 = Debug|Any CPU
		{791F8917-2464-4FC8-AF90-7AB08033C896}.Release|Any CPU.ActiveCfg = Release|Any CPU
		{791F8917-2464-4FC8-AF90-7AB08033C896}.Release|Any CPU.Build.0 = Release|Any CPU
		{A3C04399-DB97-4C7B-AD9C-303A545FC722}.Debug|Any CPU.ActiveCfg = Debug|Any CPU
		{A3C04399-DB97-4C7B-AD9C-303A545FC722}.Debug|Any CPU.Build.0 = Debug|Any CPU
		{A3C04399-DB97-4C7B-AD9C-303A545FC722}.Release|Any CPU.ActiveCfg = Release|Any CPU
		{A3C04399-DB97-4C7B-AD9C-303A545FC722}.Release|Any CPU.Build.0 = Release|Any CPU
		{DBE2160F-2A81-49CB-A2AE-869B4BD9C104}.Debug|Any CPU.ActiveCfg = Debug|Any CPU
		{DBE2160F-2A81-49CB-A2AE-869B4BD9C104}.Debug|Any CPU.Build.0 = Debug|Any CPU
		{DBE2160F-2A81-49CB-A2AE-869B4BD9C104}.Release|Any CPU.ActiveCfg = Release|Any CPU
		{DBE2160F-2A81-49CB-A2AE-869B4BD9C104}.Release|Any CPU.Build.0 = Release|Any CPU
	EndGlobalSection
	GlobalSection(SolutionProperties) = preSolution
		HideSolutionNode = FALSE
	EndGlobalSection
	GlobalSection(ExtensibilityGlobals) = postSolution
		SolutionGuid = {EEB66A8A-2F97-484C-B4F6-1C2D4E4C445D}
	EndGlobalSection
EndGlobal
