
Microsoft Visual Studio Solution File, Format Version 12.00
# Visual Studio 15
VisualStudioVersion = 15.0.28307.489
MinimumVisualStudioVersion = 10.0.40219.1
Project("{FAE04EC0-301F-11D3-BF4B-00C04F79EFBC}") = "Combat", "Combat\Combat.csproj", "{6A99382C-A6F7-4660-B920-DCF1A0D84617}"
EndProject
Global
	GlobalSection(SolutionConfigurationPlatforms) = preSolution
		Debug|Any CPU = Debug|Any CPU
		Release|Any CPU = Release|Any CPU
	EndGlobalSection
	GlobalSection(ProjectConfigurationPlatforms) = postSolution
		{6A99382C-A6F7-4660-B920-DCF1A0D84617}.Debug|Any CPU.ActiveCfg = Debug|Any CPU
		{6A99382C-A6F7-4660-B920-DCF1A0D84617}.Debug|Any CPU.Build.0 = Debug|Any CPU
		{6A99382C-A6F7-4660-B920-DCF1A0D84617}.Release|Any CPU.ActiveCfg = Release|Any CPU
		{6A99382C-A6F7-4660-B920-DCF1A0D84617}.Release|Any CPU.Build.0 = Release|Any CPU
	EndGlobalSection
	GlobalSection(SolutionProperties) = preSolution
		HideSolutionNode = FALSE
	EndGlobalSection
	GlobalSection(ExtensibilityGlobals) = postSolution
		SolutionGuid = {2245545E-689A-49F5-B8A8-9EBB77D85CFA}
	EndGlobalSection
EndGlobal
